
Microsoft Visual Studio Solution File, Format Version 12.00
# Visual Studio Version 17
VisualStudioVersion = 17.6.33829.357
MinimumVisualStudioVersion = 10.0.40219.1
Project("{FAE04EC0-301F-11D3-BF4B-00C04F79EFBC}") = "TNov", "TNov.csproj", "{4E83D904-2213-4B0C-A4F8-56C0CD79C49E}"
EndProject
Global
	GlobalSection(SolutionConfigurationPlatforms) = preSolution
		config1|Any CPU = config1|Any CPU
		config2|Any CPU = config2|Any CPU
		config2outsource|Any CPU = config2outsource|Any CPU
	EndGlobalSection
	GlobalSection(ProjectConfigurationPlatforms) = postSolution
		{4E83D904-2213-4B0C-A4F8-56C0CD79C49E}.config1|Any CPU.ActiveCfg = config1|Any CPU
		{4E83D904-2213-4B0C-A4F8-56C0CD79C49E}.config1|Any CPU.Build.0 = config1|Any CPU
		{4E83D904-2213-4B0C-A4F8-56C0CD79C49E}.config2|Any CPU.ActiveCfg = config2|Any CPU
		{4E83D904-2213-4B0C-A4F8-56C0CD79C49E}.config2|Any CPU.Build.0 = config2|Any CPU
		{4E83D904-2213-4B0C-A4F8-56C0CD79C49E}.config2outsource|Any CPU.ActiveCfg = config2outsource|Any CPU
		{4E83D904-2213-4B0C-A4F8-56C0CD79C49E}.config2outsource|Any CPU.Build.0 = config2outsource|Any CPU
	EndGlobalSection
	GlobalSection(SolutionProperties) = preSolution
		HideSolutionNode = FALSE
	EndGlobalSection
	GlobalSection(ExtensibilityGlobals) = postSolution
		SolutionGuid = {DB0FBAE4-2A72-49AD-80B9-3AF09D3D5901}
	EndGlobalSection
EndGlobal
